// !$*UTF8*$!
{
	archiveVersion = 1;
	classes = {
	};
	objectVersion = 50;
	objects = {

/* Begin PBXBuildFile section */
		3B84D37D263717840030D1F6 /* Food.swift in Sources */ = {isa = PBXBuildFile; fileRef = 3B84D37C263717840030D1F6 /* Food.swift */; };
		3B84D37F26372AB60030D1F6 /* MealsManager.swift in Sources */ = {isa = PBXBuildFile; fileRef = 3B84D37E26372AB60030D1F6 /* MealsManager.swift */; };
		3B84D3812637369C0030D1F6 /* FoodViewController.swift in Sources */ = {isa = PBXBuildFile; fileRef = 3B84D3802637369C0030D1F6 /* FoodViewController.swift */; };
		3B84D38326373D4E0030D1F6 /* NavigationViewController.swift in Sources */ = {isa = PBXBuildFile; fileRef = 3B84D38226373D4E0030D1F6 /* NavigationViewController.swift */; };
		3B84D389263765040030D1F6 /* Assets.xcassets in Resources */ = {isa = PBXBuildFile; fileRef = 3B84D388263765040030D1F6 /* Assets.xcassets */; };
		3BC497482636E41E00473EA9 /* AppDelegate.swift in Sources */ = {isa = PBXBuildFile; fileRef = 3BC497472636E41E00473EA9 /* AppDelegate.swift */; };
		3BC4974A2636E41E00473EA9 /* SceneDelegate.swift in Sources */ = {isa = PBXBuildFile; fileRef = 3BC497492636E41E00473EA9 /* SceneDelegate.swift */; };
		3BC4974F2636E41E00473EA9 /* Main.storyboard in Resources */ = {isa = PBXBuildFile; fileRef = 3BC4974D2636E41E00473EA9 /* Main.storyboard */; };
		3BC497542636E42000473EA9 /* LaunchScreen.storyboard in Resources */ = {isa = PBXBuildFile; fileRef = 3BC497522636E42000473EA9 /* LaunchScreen.storyboard */; };
		3BC4975F2636E42100473EA9 /* FoodyCookBookTests.swift in Sources */ = {isa = PBXBuildFile; fileRef = 3BC4975E2636E42100473EA9 /* FoodyCookBookTests.swift */; };
		3BC4976A2636E42100473EA9 /* FoodyCookBookUITests.swift in Sources */ = {isa = PBXBuildFile; fileRef = 3BC497692636E42100473EA9 /* FoodyCookBookUITests.swift */; };
/* End PBXBuildFile section */

/* Begin PBXContainerItemProxy section */
		3BC4975B2636E42100473EA9 /* PBXContainerItemProxy */ = {
			isa = PBXContainerItemProxy;
			containerPortal = 3BC4973C2636E41E00473EA9 /* Project object */;
			proxyType = 1;
			remoteGlobalIDString = 3BC497432636E41E00473EA9;
			remoteInfo = FoodyCookBook;
		};
		3BC497662636E42100473EA9 /* PBXContainerItemProxy */ = {
			isa = PBXContainerItemProxy;
			containerPortal = 3BC4973C2636E41E00473EA9 /* Project object */;
			proxyType = 1;
			remoteGlobalIDString = 3BC497432636E41E00473EA9;
			remoteInfo = FoodyCookBook;
		};
/* End PBXContainerItemProxy section */

/* Begin PBXFileReference section */
		3B84D37C263717840030D1F6 /* Food.swift */ = {isa = PBXFileReference; lastKnownFileType = sourcecode.swift; path = Food.swift; sourceTree = "<group>"; };
		3B84D37E26372AB60030D1F6 /* MealsManager.swift */ = {isa = PBXFileReference; lastKnownFileType = sourcecode.swift; path = MealsManager.swift; sourceTree = "<group>"; };
		3B84D3802637369C0030D1F6 /* FoodViewController.swift */ = {isa = PBXFileReference; lastKnownFileType = sourcecode.swift; path = FoodViewController.swift; sourceTree = "<group>"; };
		3B84D38226373D4E0030D1F6 /* NavigationViewController.swift */ = {isa = PBXFileReference; lastKnownFileType = sourcecode.swift; path = NavigationViewController.swift; sourceTree = "<group>"; };
		3B84D388263765040030D1F6 /* Assets.xcassets */ = {isa = PBXFileReference; lastKnownFileType = folder.assetcatalog; path = Assets.xcassets; sourceTree = "<group>"; };
		3BC497442636E41E00473EA9 /* FoodyCookBook.app */ = {isa = PBXFileReference; explicitFileType = wrapper.application; includeInIndex = 0; path = FoodyCookBook.app; sourceTree = BUILT_PRODUCTS_DIR; };
		3BC497472636E41E00473EA9 /* AppDelegate.swift */ = {isa = PBXFileReference; lastKnownFileType = sourcecode.swift; path = AppDelegate.swift; sourceTree = "<group>"; };
		3BC497492636E41E00473EA9 /* SceneDelegate.swift */ = {isa = PBXFileReference; lastKnownFileType = sourcecode.swift; path = SceneDelegate.swift; sourceTree = "<group>"; };
		3BC4974E2636E41E00473EA9 /* Base */ = {isa = PBXFileReference; lastKnownFileType = file.storyboard; name = Base; path = Base.lproj/Main.storyboard; sourceTree = "<group>"; };
		3BC497532636E42000473EA9 /* Base */ = {isa = PBXFileReference; lastKnownFileType = file.storyboard; name = Base; path = Base.lproj/LaunchScreen.storyboard; sourceTree = "<group>"; };
		3BC497552636E42000473EA9 /* Info.plist */ = {isa = PBXFileReference; lastKnownFileType = text.plist.xml; path = Info.plist; sourceTree = "<group>"; };
		3BC4975A2636E42100473EA9 /* FoodyCookBookTests.xctest */ = {isa = PBXFileReference; explicitFileType = wrapper.cfbundle; includeInIndex = 0; path = FoodyCookBookTests.xctest; sourceTree = BUILT_PRODUCTS_DIR; };
		3BC4975E2636E42100473EA9 /* FoodyCookBookTests.swift */ = {isa = PBXFileReference; lastKnownFileType = sourcecode.swift; path = FoodyCookBookTests.swift; sourceTree = "<group>"; };
		3BC497602636E42100473EA9 /* Info.plist */ = {isa = PBXFileReference; lastKnownFileType = text.plist.xml; path = Info.plist; sourceTree = "<group>"; };
		3BC497652636E42100473EA9 /* FoodyCookBookUITests.xctest */ = {isa = PBXFileReference; explicitFileType = wrapper.cfbundle; includeInIndex = 0; path = FoodyCookBookUITests.xctest; sourceTree = BUILT_PRODUCTS_DIR; };
		3BC497692636E42100473EA9 /* FoodyCookBookUITests.swift */ = {isa = PBXFileReference; lastKnownFileType = sourcecode.swift; path = FoodyCookBookUITests.swift; sourceTree = "<group>"; };
		3BC4976B2636E42100473EA9 /* Info.plist */ = {isa = PBXFileReference; lastKnownFileType = text.plist.xml; path = Info.plist; sourceTree = "<group>"; };
/* End PBXFileReference section */

/* Begin PBXFrameworksBuildPhase section */
		3BC497412636E41E00473EA9 /* Frameworks */ = {
			isa = PBXFrameworksBuildPhase;
			buildActionMask = 2147483647;
			files = (
			);
			runOnlyForDeploymentPostprocessing = 0;
		};
		3BC497572636E42100473EA9 /* Frameworks */ = {
			isa = PBXFrameworksBuildPhase;
			buildActionMask = 2147483647;
			files = (
			);
			runOnlyForDeploymentPostprocessing = 0;
		};
		3BC497622636E42100473EA9 /* Frameworks */ = {
			isa = PBXFrameworksBuildPhase;
			buildActionMask = 2147483647;
			files = (
			);
			runOnlyForDeploymentPostprocessing = 0;
		};
/* End PBXFrameworksBuildPhase section */

/* Begin PBXGroup section */
		3B84D379263716EA0030D1F6 /* Model */ = {
			isa = PBXGroup;
			children = (
				3B84D37C263717840030D1F6 /* Food.swift */,
				3B84D37E26372AB60030D1F6 /* MealsManager.swift */,
			);
			path = Model;
			sourceTree = "<group>";
		};
		3B84D37A263716F90030D1F6 /* View */ = {
			isa = PBXGroup;
			children = (
				3BC4974D2636E41E00473EA9 /* Main.storyboard */,
			);
			path = View;
			sourceTree = "<group>";
		};
		3B84D37B263717030030D1F6 /* Controller */ = {
			isa = PBXGroup;
			children = (
				3B84D3802637369C0030D1F6 /* FoodViewController.swift */,
				3B84D38226373D4E0030D1F6 /* NavigationViewController.swift */,
			);
			path = Controller;
			sourceTree = "<group>";
		};
		3BC4973B2636E41E00473EA9 = {
			isa = PBXGroup;
			children = (
				3BC497462636E41E00473EA9 /* FoodyCookBook */,
				3BC4975D2636E42100473EA9 /* FoodyCookBookTests */,
				3BC497682636E42100473EA9 /* FoodyCookBookUITests */,
				3BC497452636E41E00473EA9 /* Products */,
			);
			sourceTree = "<group>";
		};
		3BC497452636E41E00473EA9 /* Products */ = {
			isa = PBXGroup;
			children = (
				3BC497442636E41E00473EA9 /* FoodyCookBook.app */,
				3BC4975A2636E42100473EA9 /* FoodyCookBookTests.xctest */,
				3BC497652636E42100473EA9 /* FoodyCookBookUITests.xctest */,
			);
			name = Products;
			sourceTree = "<group>";
		};
		3BC497462636E41E00473EA9 /* FoodyCookBook */ = {
			isa = PBXGroup;
			children = (
				3B84D37B263717030030D1F6 /* Controller */,
				3B84D37A263716F90030D1F6 /* View */,
				3B84D379263716EA0030D1F6 /* Model */,
				3BC497472636E41E00473EA9 /* AppDelegate.swift */,
				3BC497492636E41E00473EA9 /* SceneDelegate.swift */,
				3BC497522636E42000473EA9 /* LaunchScreen.storyboard */,
				3B84D388263765040030D1F6 /* Assets.xcassets */,
				3BC497552636E42000473EA9 /* Info.plist */,
			);
			path = FoodyCookBook;
			sourceTree = "<group>";
		};
		3BC4975D2636E42100473EA9 /* FoodyCookBookTests */ = {
			isa = PBXGroup;
			children = (
				3BC4975E2636E42100473EA9 /* FoodyCookBookTests.swift */,
				3BC497602636E42100473EA9 /* Info.plist */,
			);
			path = FoodyCookBookTests;
			sourceTree = "<group>";
		};
		3BC497682636E42100473EA9 /* FoodyCookBookUITests */ = {
			isa = PBXGroup;
			children = (
				3BC497692636E42100473EA9 /* FoodyCookBookUITests.swift */,
				3BC4976B2636E42100473EA9 /* Info.plist */,
			);
			path = FoodyCookBookUITests;
			sourceTree = "<group>";
		};
/* End PBXGroup section */

/* Begin PBXNativeTarget section */
		3BC497432636E41E00473EA9 /* FoodyCookBook */ = {
			isa = PBXNativeTarget;
			buildConfigurationList = 3BC4976E2636E42100473EA9 /* Build configuration list for PBXNativeTarget "FoodyCookBook" */;
			buildPhases = (
				3BC497402636E41E00473EA9 /* Sources */,
				3BC497412636E41E00473EA9 /* Frameworks */,
				3BC497422636E41E00473EA9 /* Resources */,
			);
			buildRules = (
			);
			dependencies = (
			);
			name = FoodyCookBook;
			productName = FoodyCookBook;
			productReference = 3BC497442636E41E00473EA9 /* FoodyCookBook.app */;
			productType = "com.apple.product-type.application";
		};
		3BC497592636E42100473EA9 /* FoodyCookBookTests */ = {
			isa = PBXNativeTarget;
			buildConfigurationList = 3BC497712636E42100473EA9 /* Build configuration list for PBXNativeTarget "FoodyCookBookTests" */;
			buildPhases = (
				3BC497562636E42100473EA9 /* Sources */,
				3BC497572636E42100473EA9 /* Frameworks */,
				3BC497582636E42100473EA9 /* Resources */,
			);
			buildRules = (
			);
			dependencies = (
				3BC4975C2636E42100473EA9 /* PBXTargetDependency */,
			);
			name = FoodyCookBookTests;
			productName = FoodyCookBookTests;
			productReference = 3BC4975A2636E42100473EA9 /* FoodyCookBookTests.xctest */;
			productType = "com.apple.product-type.bundle.unit-test";
		};
		3BC497642636E42100473EA9 /* FoodyCookBookUITests */ = {
			isa = PBXNativeTarget;
			buildConfigurationList = 3BC497742636E42100473EA9 /* Build configuration list for PBXNativeTarget "FoodyCookBookUITests" */;
			buildPhases = (
				3BC497612636E42100473EA9 /* Sources */,
				3BC497622636E42100473EA9 /* Frameworks */,
				3BC497632636E42100473EA9 /* Resources */,
			);
			buildRules = (
			);
			dependencies = (
				3BC497672636E42100473EA9 /* PBXTargetDependency */,
			);
			name = FoodyCookBookUITests;
			productName = FoodyCookBookUITests;
			productReference = 3BC497652636E42100473EA9 /* FoodyCookBookUITests.xctest */;
			productType = "com.apple.product-type.bundle.ui-testing";
		};
/* End PBXNativeTarget section */

/* Begin PBXProject section */
		3BC4973C2636E41E00473EA9 /* Project object */ = {
			isa = PBXProject;
			attributes = {
				LastSwiftUpdateCheck = 1150;
				LastUpgradeCheck = 1150;
				ORGANIZATIONNAME = "Rajeev Kalangi";
				TargetAttributes = {
					3BC497432636E41E00473EA9 = {
						CreatedOnToolsVersion = 11.5;
					};
					3BC497592636E42100473EA9 = {
						CreatedOnToolsVersion = 11.5;
						TestTargetID = 3BC497432636E41E00473EA9;
					};
					3BC497642636E42100473EA9 = {
						CreatedOnToolsVersion = 11.5;
						TestTargetID = 3BC497432636E41E00473EA9;
					};
				};
			};
			buildConfigurationList = 3BC4973F2636E41E00473EA9 /* Build configuration list for PBXProject "FoodyCookBook" */;
			compatibilityVersion = "Xcode 9.3";
			developmentRegion = en;
			hasScannedForEncodings = 0;
			knownRegions = (
				en,
				Base,
			);
			mainGroup = 3BC4973B2636E41E00473EA9;
			productRefGroup = 3BC497452636E41E00473EA9 /* Products */;
			projectDirPath = "";
			projectRoot = "";
			targets = (
				3BC497432636E41E00473EA9 /* FoodyCookBook */,
				3BC497592636E42100473EA9 /* FoodyCookBookTests */,
				3BC497642636E42100473EA9 /* FoodyCookBookUITests */,
			);
		};
/* End PBXProject section */

/* Begin PBXResourcesBuildPhase section */
		3BC497422636E41E00473EA9 /* Resources */ = {
			isa = PBXResourcesBuildPhase;
			buildActionMask = 2147483647;
			files = (
				3BC497542636E42000473EA9 /* LaunchScreen.storyboard in Resources */,
				3B84D389263765040030D1F6 /* Assets.xcassets in Resources */,
				3BC4974F2636E41E00473EA9 /* Main.storyboard in Resources */,
			);
			runOnlyForDeploymentPostprocessing = 0;
		};
		3BC497582636E42100473EA9 /* Resources */ = {
			isa = PBXResourcesBuildPhase;
			buildActionMask = 2147483647;
			files = (
			);
			runOnlyForDeploymentPostprocessing = 0;
		};
		3BC497632636E42100473EA9 /* Resources */ = {
			isa = PBXResourcesBuildPhase;
			buildActionMask = 2147483647;
			files = (
			);
			runOnlyForDeploymentPostprocessing = 0;
		};
/* End PBXResourcesBuildPhase section */

/* Begin PBXSourcesBuildPhase section */
		3BC497402636E41E00473EA9 /* Sources */ = {
			isa = PBXSourcesBuildPhase;
			buildActionMask = 2147483647;
			files = (
				3B84D38326373D4E0030D1F6 /* NavigationViewController.swift in Sources */,
				3BC497482636E41E00473EA9 /* AppDelegate.swift in Sources */,
				3B84D3812637369C0030D1F6 /* FoodViewController.swift in Sources */,
				3BC4974A2636E41E00473EA9 /* SceneDelegate.swift in Sources */,
				3B84D37D263717840030D1F6 /* Food.swift in Sources */,
				3B84D37F26372AB60030D1F6 /* MealsManager.swift in Sources */,
			);
			runOnlyForDeploymentPostprocessing = 0;
		};
		3BC497562636E42100473EA9 /* Sources */ = {
			isa = PBXSourcesBuildPhase;
			buildActionMask = 2147483647;
			files = (
				3BC4975F2636E42100473EA9 /* FoodyCookBookTests.swift in Sources */,
			);
			runOnlyForDeploymentPostprocessing = 0;
		};
		3BC497612636E42100473EA9 /* Sources */ = {
			isa = PBXSourcesBuildPhase;
			buildActionMask = 2147483647;
			files = (
				3BC4976A2636E42100473EA9 /* FoodyCookBookUITests.swift in Sources */,
			);
			runOnlyForDeploymentPostprocessing = 0;
		};
/* End PBXSourcesBuildPhase section */

/* Begin PBXTargetDependency section */
		3BC4975C2636E42100473EA9 /* PBXTargetDependency */ = {
			isa = PBXTargetDependency;
			target = 3BC497432636E41E00473EA9 /* FoodyCookBook */;
			targetProxy = 3BC4975B2636E42100473EA9 /* PBXContainerItemProxy */;
		};
		3BC497672636E42100473EA9 /* PBXTargetDependency */ = {
			isa = PBXTargetDependency;
			target = 3BC497432636E41E00473EA9 /* FoodyCookBook */;
			targetProxy = 3BC497662636E42100473EA9 /* PBXContainerItemProxy */;
		};
/* End PBXTargetDependency section */

/* Begin PBXVariantGroup section */
		3BC4974D2636E41E00473EA9 /* Main.storyboard */ = {
			isa = PBXVariantGroup;
			children = (
				3BC4974E2636E41E00473EA9 /* Base */,
			);
			name = Main.storyboard;
			sourceTree = "<group>";
		};
		3BC497522636E42000473EA9 /* LaunchScreen.storyboard */ = {
			isa = PBXVariantGroup;
			children = (
				3BC497532636E42000473EA9 /* Base */,
			);
			name = LaunchScreen.storyboard;
			sourceTree = "<group>";
		};
/* End PBXVariantGroup section */

/* Begin XCBuildConfiguration section */
		3BC4976C2636E42100473EA9 /* Debug */ = {
			isa = XCBuildConfiguration;
			buildSettings = {
				ALWAYS_SEARCH_USER_PATHS = NO;
				CLANG_ANALYZER_NONNULL = YES;
				CLANG_ANALYZER_NUMBER_OBJECT_CONVERSION = YES_AGGRESSIVE;
				CLANG_CXX_LANGUAGE_STANDARD = "gnu++14";
				CLANG_CXX_LIBRARY = "libc++";
				CLANG_ENABLE_MODULES = YES;
				CLANG_ENABLE_OBJC_ARC = YES;
				CLANG_ENABLE_OBJC_WEAK = YES;
				CLANG_WARN_BLOCK_CAPTURE_AUTORELEASING = YES;
				CLANG_WARN_BOOL_CONVERSION = YES;
				CLANG_WARN_COMMA = YES;
				CLANG_WARN_CONSTANT_CONVERSION = YES;
				CLANG_WARN_DEPRECATED_OBJC_IMPLEMENTATIONS = YES;
				CLANG_WARN_DIRECT_OBJC_ISA_USAGE = YES_ERROR;
				CLANG_WARN_DOCUMENTATION_COMMENTS = YES;
				CLANG_WARN_EMPTY_BODY = YES;
				CLANG_WARN_ENUM_CONVERSION = YES;
				CLANG_WARN_INFINITE_RECURSION = YES;
				CLANG_WARN_INT_CONVERSION = YES;
				CLANG_WARN_NON_LITERAL_NULL_CONVERSION = YES;
				CLANG_WARN_OBJC_IMPLICIT_RETAIN_SELF = YES;
				CLANG_WARN_OBJC_LITERAL_CONVERSION = YES;
				CLANG_WARN_OBJC_ROOT_CLASS = YES_ERROR;
				CLANG_WARN_RANGE_LOOP_ANALYSIS = YES;
				CLANG_WARN_STRICT_PROTOTYPES = YES;
				CLANG_WARN_SUSPICIOUS_MOVE = YES;
				CLANG_WARN_UNGUARDED_AVAILABILITY = YES_AGGRESSIVE;
				CLANG_WARN_UNREACHABLE_CODE = YES;
				CLANG_WARN__DUPLICATE_METHOD_MATCH = YES;
				COPY_PHASE_STRIP = NO;
				DEBUG_INFORMATION_FORMAT = dwarf;
				ENABLE_STRICT_OBJC_MSGSEND = YES;
				ENABLE_TESTABILITY = YES;
				GCC_C_LANGUAGE_STANDARD = gnu11;
				GCC_DYNAMIC_NO_PIC = NO;
				GCC_NO_COMMON_BLOCKS = YES;
				GCC_OPTIMIZATION_LEVEL = 0;
				GCC_PREPROCESSOR_DEFINITIONS = (
					"DEBUG=1",
					"$(inherited)",
				);
				GCC_WARN_64_TO_32_BIT_CONVERSION = YES;
				GCC_WARN_ABOUT_RETURN_TYPE = YES_ERROR;
				GCC_WARN_UNDECLARED_SELECTOR = YES;
				GCC_WARN_UNINITIALIZED_AUTOS = YES_AGGRESSIVE;
				GCC_WARN_UNUSED_FUNCTION = YES;
				GCC_WARN_UNUSED_VARIABLE = YES;
				IPHONEOS_DEPLOYMENT_TARGET = 13.5;
				MTL_ENABLE_DEBUG_INFO = INCLUDE_SOURCE;
				MTL_FAST_MATH = YES;
				ONLY_ACTIVE_ARCH = YES;
				SDKROOT = iphoneos;
				SWIFT_ACTIVE_COMPILATION_CONDITIONS = DEBUG;
				SWIFT_OPTIMIZATION_LEVEL = "-Onone";
			};
			name = Debug;
		};
		3BC4976D2636E42100473EA9 /* Release */ = {
			isa = XCBuildConfiguration;
			buildSettings = {
				ALWAYS_SEARCH_USER_PATHS = NO;
				CLANG_ANALYZER_NONNULL = YES;
				CLANG_ANALYZER_NUMBER_OBJECT_CONVERSION = YES_AGGRESSIVE;
				CLANG_CXX_LANGUAGE_STANDARD = "gnu++14";
				CLANG_CXX_LIBRARY = "libc++";
				CLANG_ENABLE_MODULES = YES;
				CLANG_ENABLE_OBJC_ARC = YES;
				CLANG_ENABLE_OBJC_WEAK = YES;
				CLANG_WARN_BLOCK_CAPTURE_AUTORELEASING = YES;
				CLANG_WARN_BOOL_CONVERSION = YES;
				CLANG_WARN_COMMA = YES;
				CLANG_WARN_CONSTANT_CONVERSION = YES;
				CLANG_WARN_DEPRECATED_OBJC_IMPLEMENTATIONS = YES;
				CLANG_WARN_DIRECT_OBJC_ISA_USAGE = YES_ERROR;
				CLANG_WARN_DOCUMENTATION_COMMENTS = YES;
				CLANG_WARN_EMPTY_BODY = YES;
				CLANG_WARN_ENUM_CONVERSION = YES;
				CLANG_WARN_INFINITE_RECURSION = YES;
				CLANG_WARN_INT_CONVERSION = YES;
				CLANG_WARN_NON_LITERAL_NULL_CONVERSION = YES;
				CLANG_WARN_OBJC_IMPLICIT_RETAIN_SELF = YES;
				CLANG_WARN_OBJC_LITERAL_CONVERSION = YES;
				CLANG_WARN_OBJC_ROOT_CLASS = YES_ERROR;
				CLANG_WARN_RANGE_LOOP_ANALYSIS = YES;
				CLANG_WARN_STRICT_PROTOTYPES = YES;
				CLANG_WARN_SUSPICIOUS_MOVE = YES;
				CLANG_WARN_UNGUARDED_AVAILABILITY = YES_AGGRESSIVE;
				CLANG_WARN_UNREACHABLE_CODE = YES;
				CLANG_WARN__DUPLICATE_METHOD_MATCH = YES;
				COPY_PHASE_STRIP = NO;
				DEBUG_INFORMATION_FORMAT = "dwarf-with-dsym";
				ENABLE_NS_ASSERTIONS = NO;
				ENABLE_STRICT_OBJC_MSGSEND = YES;
				GCC_C_LANGUAGE_STANDARD = gnu11;
				GCC_NO_COMMON_BLOCKS = YES;
				GCC_WARN_64_TO_32_BIT_CONVERSION = YES;
				GCC_WARN_ABOUT_RETURN_TYPE = YES_ERROR;
				GCC_WARN_UNDECLARED_SELECTOR = YES;
				GCC_WARN_UNINITIALIZED_AUTOS = YES_AGGRESSIVE;
				GCC_WARN_UNUSED_FUNCTION = YES;
				GCC_WARN_UNUSED_VARIABLE = YES;
				IPHONEOS_DEPLOYMENT_TARGET = 13.5;
				MTL_ENABLE_DEBUG_INFO = NO;
				MTL_FAST_MATH = YES;
				SDKROOT = iphoneos;
				SWIFT_COMPILATION_MODE = wholemodule;
				SWIFT_OPTIMIZATION_LEVEL = "-O";
				VALIDATE_PRODUCT = YES;
			};
			name = Release;
		};
		3BC4976F2636E42100473EA9 /* Debug */ = {
			isa = XCBuildConfiguration;
			buildSettings = {
				ASSETCATALOG_COMPILER_APPICON_NAME = AppIcon;
				CODE_SIGN_STYLE = Automatic;
				DEVELOPMENT_TEAM = 4YB472XY5U;
				INFOPLIST_FILE = FoodyCookBook/Info.plist;
				IPHONEOS_DEPLOYMENT_TARGET = 12.4;
				LD_RUNPATH_SEARCH_PATHS = (
					"$(inherited)",
					"@executable_path/Frameworks",
				);
				PRODUCT_BUNDLE_IDENTIFIER = com.kalangirajeev.FoodyCookBook;
				PRODUCT_NAME = "$(TARGET_NAME)";
				SWIFT_VERSION = 5.0;
				TARGETED_DEVICE_FAMILY = "1,2";
			};
			name = Debug;
		};
		3BC497702636E42100473EA9 /* Release */ = {
			isa = XCBuildConfiguration;
			buildSettings = {
				ASSETCATALOG_COMPILER_APPICON_NAME = AppIcon;
				CODE_SIGN_STYLE = Automatic;
				DEVELOPMENT_TEAM = 4YB472XY5U;
				INFOPLIST_FILE = FoodyCookBook/Info.plist;
				IPHONEOS_DEPLOYMENT_TARGET = 12.4;
				LD_RUNPATH_SEARCH_PATHS = (
					"$(inherited)",
					"@executable_path/Frameworks",
				);
				PRODUCT_BUNDLE_IDENTIFIER = com.kalangirajeev.FoodyCookBook;
				PRODUCT_NAME = "$(TARGET_NAME)";
				SWIFT_VERSION = 5.0;
				TARGETED_DEVICE_FAMILY = "1,2";
			};
			name = Release;
		};
		3BC497722636E42100473EA9 /* Debug */ = {
			isa = XCBuildConfiguration;
			buildSettings = {
				ALWAYS_EMBED_SWIFT_STANDARD_LIBRARIES = YES;
				BUNDLE_LOADER = "$(TEST_HOST)";
				CODE_SIGN_STYLE = Automatic;
				DEVELOPMENT_TEAM = 4YB472XY5U;
				INFOPLIST_FILE = FoodyCookBookTests/Info.plist;
				IPHONEOS_DEPLOYMENT_TARGET = 13.5;
				LD_RUNPATH_SEARCH_PATHS = (
					"$(inherited)",
					"@executable_path/Frameworks",
					"@loader_path/Frameworks",
				);
				PRODUCT_BUNDLE_IDENTIFIER = com.kalangirajeev.FoodyCookBookTests;
				PRODUCT_NAME = "$(TARGET_NAME)";
				SWIFT_VERSION = 5.0;
				TARGETED_DEVICE_FAMILY = "1,2";
				TEST_HOST = "$(BUILT_PRODUCTS_DIR)/FoodyCookBook.app/FoodyCookBook";
			};
			name = Debug;
		};
		3BC497732636E42100473EA9 /* Release */ = {
			isa = XCBuildConfiguration;
			buildSettings = {
				ALWAYS_EMBED_SWIFT_STANDARD_LIBRARIES = YES;
				BUNDLE_LOADER = "$(TEST_HOST)";
				CODE_SIGN_STYLE = Automatic;
				DEVELOPMENT_TEAM = 4YB472XY5U;
				INFOPLIST_FILE = FoodyCookBookTests/Info.plist;
				IPHONEOS_DEPLOYMENT_TARGET = 13.5;
				LD_RUNPATH_SEARCH_PATHS = (
					"$(inherited)",
					"@executable_path/Frameworks",
					"@loader_path/Frameworks",
				);
				PRODUCT_BUNDLE_IDENTIFIER = com.kalangirajeev.FoodyCookBookTests;
				PRODUCT_NAME = "$(TARGET_NAME)";
				SWIFT_VERSION = 5.0;
				TARGETED_DEVICE_FAMILY = "1,2";
				TEST_HOST = "$(BUILT_PRODUCTS_DIR)/FoodyCookBook.app/FoodyCookBook";
			};
			name = Release;
		};
		3BC497752636E42100473EA9 /* Debug */ = {
			isa = XCBuildConfiguration;
			buildSettings = {
				ALWAYS_EMBED_SWIFT_STANDARD_LIBRARIES = YES;
				CODE_SIGN_STYLE = Automatic;
				DEVELOPMENT_TEAM = 4YB472XY5U;
				INFOPLIST_FILE = FoodyCookBookUITests/Info.plist;
				LD_RUNPATH_SEARCH_PATHS = (
					"$(inherited)",
					"@executable_path/Frameworks",
					"@loader_path/Frameworks",
				);
				PRODUCT_BUNDLE_IDENTIFIER = com.kalangirajeev.FoodyCookBookUITests;
				PRODUCT_NAME = "$(TARGET_NAME)";
				SWIFT_VERSION = 5.0;
				TARGETED_DEVICE_FAMILY = "1,2";
				TEST_TARGET_NAME = FoodyCookBook;
			};
			name = Debug;
		};
		3BC497762636E42100473EA9 /* Release */ = {
			isa = XCBuildConfiguration;
			buildSettings = {
				ALWAYS_EMBED_SWIFT_STANDARD_LIBRARIES = YES;
				CODE_SIGN_STYLE = Automatic;
				DEVELOPMENT_TEAM = 4YB472XY5U;
				INFOPLIST_FILE = FoodyCookBookUITests/Info.plist;
				LD_RUNPATH_SEARCH_PATHS = (
					"$(inherited)",
					"@executable_path/Frameworks",
					"@loader_path/Frameworks",
				);
				PRODUCT_BUNDLE_IDENTIFIER = com.kalangirajeev.FoodyCookBookUITests;
				PRODUCT_NAME = "$(TARGET_NAME)";
				SWIFT_VERSION = 5.0;
				TARGETED_DEVICE_FAMILY = "1,2";
				TEST_TARGET_NAME = FoodyCookBook;
			};
			name = Release;
		};
/* End XCBuildConfiguration section */

/* Begin XCConfigurationList section */
		3BC4973F2636E41E00473EA9 /* Build configuration list for PBXProject "FoodyCookBook" */ = {
			isa = XCConfigurationList;
			buildConfigurations = (
				3BC4976C2636E42100473EA9 /* Debug */,
				3BC4976D2636E42100473EA9 /* Release */,
			);
			defaultConfigurationIsVisible = 0;
			defaultConfigurationName = Release;
		};
		3BC4976E2636E42100473EA9 /* Build configuration list for PBXNativeTarget "FoodyCookBook" */ = {
			isa = XCConfigurationList;
			buildConfigurations = (
				3BC4976F2636E42100473EA9 /* Debug */,
				3BC497702636E42100473EA9 /* Release */,
			);
			defaultConfigurationIsVisible = 0;
			defaultConfigurationName = Release;
		};
		3BC497712636E42100473EA9 /* Build configuration list for PBXNativeTarget "FoodyCookBookTests" */ = {
			isa = XCConfigurationList;
			buildConfigurations = (
				3BC497722636E42100473EA9 /* Debug */,
				3BC497732636E42100473EA9 /* Release */,
			);
			defaultConfigurationIsVisible = 0;
			defaultConfigurationName = Release;
		};
		3BC497742636E42100473EA9 /* Build configuration list for PBXNativeTarget "FoodyCookBookUITests" */ = {
			isa = XCConfigurationList;
			buildConfigurations = (
				3BC497752636E42100473EA9 /* Debug */,
				3BC497762636E42100473EA9 /* Release */,
			);
			defaultConfigurationIsVisible = 0;
			defaultConfigurationName = Release;
		};
/* End XCConfigurationList section */
	};
	rootObject = 3BC4973C2636E41E00473EA9 /* Project object */;
}
